
Microsoft Visual Studio Solution File, Format Version 12.00
# Visual Studio 14
VisualStudioVersion = 14.0.25420.1
MinimumVisualStudioVersion = 10.0.40219.1
Project("{2150E333-8FDC-42A3-9474-1A3956D46DE8}") = "0 - Presentation", "0 - Presentation", "{CE124F9E-809C-471D-A541-74B230F4BAEF}"
EndProject
Project("{2150E333-8FDC-42A3-9474-1A3956D46DE8}") = "1 - Application", "1 - Application", "{0C7ECB82-6E86-4EA0-9A4A-95039DC4ED68}"
EndProject
Project("{2150E333-8FDC-42A3-9474-1A3956D46DE8}") = "2 - Service", "2 - Service", "{6C4EC092-AE51-42DC-AE64-B3044A401810}"
EndProject
Project("{2150E333-8FDC-42A3-9474-1A3956D46DE8}") = "3 - Domain", "3 - Domain", "{06119E75-F6A4-43E2-92C8-A645A865B4CC}"
EndProject
Project("{2150E333-8FDC-42A3-9474-1A3956D46DE8}") = "4 - Infra", "4 - Infra", "{DB409048-CB80-48F5-BEB5-01B37C622060}"
EndProject
Project("{FAE04EC0-301F-11D3-BF4B-00C04F79EFBC}") = "Domain", "Domain\Domain.csproj", "{3E178D14-407E-416A-BE84-6768FB312026}"
EndProject
Project("{2150E333-8FDC-42A3-9474-1A3956D46DE8}") = "4.1 - CrossCutting", "4.1 - CrossCutting", "{6C1217BD-C64D-4ABF-A415-57B582D493DB}"
EndProject
Project("{2150E333-8FDC-42A3-9474-1A3956D46DE8}") = "4.2 - Data", "4.2 - Data", "{56C8FAEA-EDB0-45D5-8CB0-4DC32B9B4352}"
EndProject
Project("{FAE04EC0-301F-11D3-BF4B-00C04F79EFBC}") = "Data", "Data\Data.csproj", "{D16C4CEA-C6FE-4DF7-9867-DBDE84E09089}"
EndProject
Project("{FAE04EC0-301F-11D3-BF4B-00C04F79EFBC}") = "Presentation", "Presentation\Presentation.csproj", "{F7409E7C-9C50-4180-98C9-8906D0BF671B}"
EndProject
Project("{FAE04EC0-301F-11D3-BF4B-00C04F79EFBC}") = "CrossCutting", "CrossCutting\CrossCutting.csproj", "{B22C7361-591F-47D2-BA8F-C8550724B63D}"
EndProject
Project("{FAE04EC0-301F-11D3-BF4B-00C04F79EFBC}") = "Application", "Application\Application.csproj", "{DF178DA3-4A5D-4B83-9257-2DF969B23989}"
EndProject
Project("{FAE04EC0-301F-11D3-BF4B-00C04F79EFBC}") = "Service", "Service\Service.csproj", "{210C794A-0878-42DF-A3E1-3FCB56C97FD7}"
EndProject
Global
	GlobalSection(SolutionConfigurationPlatforms) = preSolution
		Debug|Any CPU = Debug|Any CPU
		Release|Any CPU = Release|Any CPU
	EndGlobalSection
	GlobalSection(ProjectConfigurationPlatforms) = postSolution
		{3E178D14-407E-416A-BE84-6768FB312026}.Debug|Any CPU.ActiveCfg = Debug|Any CPU
		{3E178D14-407E-416A-BE84-6768FB312026}.Debug|Any CPU.Build.0 = Debug|Any CPU
		{3E178D14-407E-416A-BE84-6768FB312026}.Release|Any CPU.ActiveCfg = Release|Any CPU
		{3E178D14-407E-416A-BE84-6768FB312026}.Release|Any CPU.Build.0 = Release|Any CPU
		{D16C4CEA-C6FE-4DF7-9867-DBDE84E09089}.Debug|Any CPU.ActiveCfg = Debug|Any CPU
		{D16C4CEA-C6FE-4DF7-9867-DBDE84E09089}.Debug|Any CPU.Build.0 = Debug|Any CPU
		{D16C4CEA-C6FE-4DF7-9867-DBDE84E09089}.Release|Any CPU.ActiveCfg = Release|Any CPU
		{D16C4CEA-C6FE-4DF7-9867-DBDE84E09089}.Release|Any CPU.Build.0 = Release|Any CPU
		{F7409E7C-9C50-4180-98C9-8906D0BF671B}.Debug|Any CPU.ActiveCfg = Debug|Any CPU
		{F7409E7C-9C50-4180-98C9-8906D0BF671B}.Debug|Any CPU.Build.0 = Debug|Any CPU
		{F7409E7C-9C50-4180-98C9-8906D0BF671B}.Release|Any CPU.ActiveCfg = Release|Any CPU
		{F7409E7C-9C50-4180-98C9-8906D0BF671B}.Release|Any CPU.Build.0 = Release|Any CPU
		{B22C7361-591F-47D2-BA8F-C8550724B63D}.Debug|Any CPU.ActiveCfg = Debug|Any CPU
		{B22C7361-591F-47D2-BA8F-C8550724B63D}.Debug|Any CPU.Build.0 = Debug|Any CPU
		{B22C7361-591F-47D2-BA8F-C8550724B63D}.Release|Any CPU.ActiveCfg = Release|Any CPU
		{B22C7361-591F-47D2-BA8F-C8550724B63D}.Release|Any CPU.Build.0 = Release|Any CPU
		{DF178DA3-4A5D-4B83-9257-2DF969B23989}.Debug|Any CPU.ActiveCfg = Debug|Any CPU
		{DF178DA3-4A5D-4B83-9257-2DF969B23989}.Debug|Any CPU.Build.0 = Debug|Any CPU
		{DF178DA3-4A5D-4B83-9257-2DF969B23989}.Release|Any CPU.ActiveCfg = Release|Any CPU
		{DF178DA3-4A5D-4B83-9257-2DF969B23989}.Release|Any CPU.Build.0 = Release|Any CPU
		{210C794A-0878-42DF-A3E1-3FCB56C97FD7}.Debug|Any CPU.ActiveCfg = Debug|Any CPU
		{210C794A-0878-42DF-A3E1-3FCB56C97FD7}.Debug|Any CPU.Build.0 = Debug|Any CPU
		{210C794A-0878-42DF-A3E1-3FCB56C97FD7}.Release|Any CPU.ActiveCfg = Release|Any CPU
		{210C794A-0878-42DF-A3E1-3FCB56C97FD7}.Release|Any CPU.Build.0 = Release|Any CPU
	EndGlobalSection
	GlobalSection(SolutionProperties) = preSolution
		HideSolutionNode = FALSE
	EndGlobalSection
	GlobalSection(NestedProjects) = preSolution
		{3E178D14-407E-416A-BE84-6768FB312026} = {06119E75-F6A4-43E2-92C8-A645A865B4CC}
		{6C1217BD-C64D-4ABF-A415-57B582D493DB} = {DB409048-CB80-48F5-BEB5-01B37C622060}
		{56C8FAEA-EDB0-45D5-8CB0-4DC32B9B4352} = {DB409048-CB80-48F5-BEB5-01B37C622060}
		{D16C4CEA-C6FE-4DF7-9867-DBDE84E09089} = {56C8FAEA-EDB0-45D5-8CB0-4DC32B9B4352}
		{F7409E7C-9C50-4180-98C9-8906D0BF671B} = {CE124F9E-809C-471D-A541-74B230F4BAEF}
		{B22C7361-591F-47D2-BA8F-C8550724B63D} = {6C1217BD-C64D-4ABF-A415-57B582D493DB}
		{DF178DA3-4A5D-4B83-9257-2DF969B23989} = {0C7ECB82-6E86-4EA0-9A4A-95039DC4ED68}
		{210C794A-0878-42DF-A3E1-3FCB56C97FD7} = {6C4EC092-AE51-42DC-AE64-B3044A401810}
	EndGlobalSection
EndGlobal
